Microsoft Visual Studio Solution File, Format Version 12.00
# Visual Studio Version 17
VisualStudioVersion = 17.5.2.0
MinimumVisualStudioVersion = 10.0.40219.1
Project("{FAE04EC0-301F-11D3-BF4B-00C04F79EFBC}") = "PlayerAccountNameUpdater", "PlayerAccountNameUpdater.csproj", "{BD867589-1175-EB21-4757-EFA7D741DA85}"
EndProject
Global
	GlobalSection(SolutionConfigurationPlatforms) = preSolution
		Debug|Any CPU = Debug|Any CPU
		Release|Any CPU = Release|Any CPU
	EndGlobalSection
	GlobalSection(ProjectConfigurationPlatforms) = postSolution
		{BD867589-1175-EB21-4757-EFA7D741DA85}.Debug|Any CPU.ActiveCfg = Debug|Any CPU
		{BD867589-1175-EB21-4757-EFA7D741DA85}.Debug|Any CPU.Build.0 = Debug|Any CPU
		{BD867589-1175-EB21-4757-EFA7D741DA85}.Release|Any CPU.ActiveCfg = Release|Any CPU
		{BD867589-1175-EB21-4757-EFA7D741DA85}.Release|Any CPU.Build.0 = Release|Any CPU
	EndGlobalSection
	GlobalSection(SolutionProperties) = preSolution
		HideSolutionNode = FALSE
	EndGlobalSection
	GlobalSection(ExtensibilityGlobals) = postSolution
		SolutionGuid = {312123BE-6B6D-44EB-AC8B-4C611C99D709}
	EndGlobalSection
EndGlobal
